
Microsoft Visual Studio Solution File, Format Version 12.00
# Visual Studio Version 17
VisualStudioVersion = 17.5.2.0
MinimumVisualStudioVersion = 10.0.40219.1
Project("{FAE04EC0-301F-11D3-BF4B-00C04F79EFBC}") = "blazorapidemo", "blazorapidemo.csproj", "{F7C8FC42-55A0-E098-1775-AEAF9D43F266}"
EndProject
Global
	GlobalSection(SolutionConfigurationPlatforms) = preSolution
		Debug|Any CPU = Debug|Any CPU
		Debug|x64 = Debug|x64
		Debug|x86 = Debug|x86
		Release|Any CPU = Release|Any CPU
		Release|x64 = Release|x64
		Release|x86 = Release|x86
	EndGlobalSection
	GlobalSection(ProjectConfigurationPlatforms) = postSolution
		{F7C8FC42-55A0-E098-1775-AEAF9D43F266}.Debug|Any CPU.ActiveCfg = Debug|Any CPU
		{F7C8FC42-55A0-E098-1775-AEAF9D43F266}.Debug|Any CPU.Build.0 = Debug|Any CPU
		{F7C8FC42-55A0-E098-1775-AEAF9D43F266}.Debug|x64.ActiveCfg = Debug|Any CPU
		{F7C8FC42-55A0-E098-1775-AEAF9D43F266}.Debug|x64.Build.0 = Debug|Any CPU
		{F7C8FC42-55A0-E098-1775-AEAF9D43F266}.Debug|x86.ActiveCfg = Debug|Any CPU
		{F7C8FC42-55A0-E098-1775-AEAF9D43F266}.Debug|x86.Build.0 = Debug|Any CPU
		{F7C8FC42-55A0-E098-1775-AEAF9D43F266}.Release|Any CPU.ActiveCfg = Release|Any CPU
		{F7C8FC42-55A0-E098-1775-AEAF9D43F266}.Release|Any CPU.Build.0 = Release|Any CPU
		{F7C8FC42-55A0-E098-1775-AEAF9D43F266}.Release|x64.ActiveCfg = Release|Any CPU
		{F7C8FC42-55A0-E098-1775-AEAF9D43F266}.Release|x64.Build.0 = Release|Any CPU
		{F7C8FC42-55A0-E098-1775-AEAF9D43F266}.Release|x86.ActiveCfg = Release|Any CPU
		{F7C8FC42-55A0-E098-1775-AEAF9D43F266}.Release|x86.Build.0 = Release|Any CPU
	EndGlobalSection
	GlobalSection(SolutionProperties) = preSolution
		HideSolutionNode = FALSE
	EndGlobalSection
	GlobalSection(ExtensibilityGlobals) = postSolution
		SolutionGuid = {B929082E-BAB0-4D0A-9FE0-FF8F624D2309}
	EndGlobalSection
EndGlobal
